
Microsoft Visual Studio Solution File, Format Version 12.00
# Visual Studio Version 16
VisualStudioVersion = 16.0.30503.244
MinimumVisualStudioVersion = 10.0.40219.1
Project("{FAE04EC0-301F-11D3-BF4B-00C04F79EFBC}") = "Jogame_API", "Jogame_API.csproj", "{3AFF0527-1575-43B8-BF23-AFD936C3DFE8}"
EndProject
Global
	GlobalSection(SolutionConfigurationPlatforms) = preSolution
		Debug|Any CPU = Debug|Any CPU
		Release|Any CPU = Release|Any CPU
	EndGlobalSection
	GlobalSection(ProjectConfigurationPlatforms) = postSolution
		{3AFF0527-1575-43B8-BF23-AFD936C3DFE8}.Debug|Any CPU.ActiveCfg = Debug|Any CPU
		{3AFF0527-1575-43B8-BF23-AFD936C3DFE8}.Debug|Any CPU.Build.0 = Debug|Any CPU
		{3AFF0527-1575-43B8-BF23-AFD936C3DFE8}.Release|Any CPU.ActiveCfg = Release|Any CPU
		{3AFF0527-1575-43B8-BF23-AFD936C3DFE8}.Release|Any CPU.Build.0 = Release|Any CPU
	EndGlobalSection
	GlobalSection(SolutionProperties) = preSolution
		HideSolutionNode = FALSE
	EndGlobalSection
	GlobalSection(ExtensibilityGlobals) = postSolution
		SolutionGuid = {83057D08-703C-426D-8874-D83E6C6C4094}
	EndGlobalSection
EndGlobal
